{
  "name": "anim-iron-icon",
  "version": "0.0.1",
  "lockfileVersion": 1,
  "requires": true,
  "dependencies": {
    "@polymer/iron-flex-layout": {
      "version": "3.0.1",
      "resolved": "https://registry.npmjs.org/@polymer/iron-flex-layout/-/iron-flex-layout-3.0.1.tgz",
      "integrity": "sha512-7gB869czArF+HZcPTVSgvA7tXYFze9EKckvM95NB7SqYF+NnsQyhoXgKnpFwGyo95lUjUW9TFDLUwDXnCYFtkw==",
      "requires": {
        "@polymer/polymer": "^3.0.0"
      }
    },
    "@polymer/iron-icon": {
      "version": "3.0.1",
      "resolved": "https://registry.npmjs.org/@polymer/iron-icon/-/iron-icon-3.0.1.tgz",
      "integrity": "sha512-QLPwirk+UPZNaLnMew9VludXA4CWUCenRewgEcGYwdzVgDPCDbXxy6vRJjmweZobMQv/oVLppT2JZtJFnPxX6g==",
      "requires": {
        "@polymer/iron-flex-layout": "^3.0.0-pre.26",
        "@polymer/iron-meta": "^3.0.0-pre.26",
        "@polymer/polymer": "^3.0.0"
      }
    },
    "@polymer/iron-icons": {
      "version": "3.0.1",
      "resolved": "https://registry.npmjs.org/@polymer/iron-icons/-/iron-icons-3.0.1.tgz",
      "integrity": "sha512-xtEI8erH2GIBiF3QxEMyW81XuVjguu6Le5WjEEpX67qd9z7jjmc4T/ke3zRUlnDydex9p8ytcwVpMIKcyvjYAQ==",
      "requires": {
        "@polymer/iron-icon": "^3.0.0-pre.26",
        "@polymer/iron-iconset-svg": "^3.0.0-pre.26",
        "@polymer/polymer": "^3.0.0"
      }
    },
    "@polymer/iron-iconset-svg": {
      "version": "3.0.1",
      "resolved": "https://registry.npmjs.org/@polymer/iron-iconset-svg/-/iron-iconset-svg-3.0.1.tgz",
      "integrity": "sha512-XNwURbNHRw6u2fJe05O5fMYye6GSgDlDqCO+q6K1zAnKIrpgZwf2vTkBd5uCcZwsN0FyCB3mvNZx4jkh85dRDw==",
      "requires": {
        "@polymer/iron-meta": "^3.0.0-pre.26",
        "@polymer/polymer": "^3.0.0"
      }
    },
    "@polymer/iron-meta": {
      "version": "3.0.1",
      "resolved": "https://registry.npmjs.org/@polymer/iron-meta/-/iron-meta-3.0.1.tgz",
      "integrity": "sha512-pWguPugiLYmWFV9UWxLWzZ6gm4wBwQdDy4VULKwdHCqR7OP7u98h+XDdGZsSlDPv6qoryV/e3tGHlTIT0mbzJA==",
      "requires": {
        "@polymer/polymer": "^3.0.0"
      }
    },
    "@polymer/polymer": {
      "version": "3.3.0",
      "resolved": "https://registry.npmjs.org/@polymer/polymer/-/polymer-3.3.0.tgz",
      "integrity": "sha512-rij7suomS7DxdBamnwr/Xa0V5hpypf7I9oYKseF2FWz5Xh2a3wJNpVjgJy1adXVCxqIyPhghsrthnfCt7EblsQ==",
      "requires": {
        "@webcomponents/shadycss": "^1.9.1"
      }
    },
    "@stencil/core": {
      "version": "1.3.0",
      "resolved": "https://registry.npmjs.org/@stencil/core/-/core-1.3.0.tgz",
      "integrity": "sha512-6bb+Pg2ESv/Smzo6esyH5aKov9GDHd0kpMN71SuY3B+tgXNSfmagubg1w9bIWQwA80+wr94vcixL4wZtlOx51Q==",
      "dev": true,
      "requires": {
        "typescript": "3.5.3"
      }
    },
    "@stencil/sass": {
      "version": "1.0.1",
      "resolved": "https://registry.npmjs.org/@stencil/sass/-/sass-1.0.1.tgz",
      "integrity": "sha512-3vmF8zir9FcVY/tYW0/V/pWrYSU684eASmALL2v29PGJvX6/CXh9n8LF7Jy95SpJPij3lisIUXLls7edXy2hYg==",
      "dev": true
    },
    "@ultrastark/us-mixin": {
      "version": "0.4.54",
      "resolved": "https://registry.npmjs.org/@ultrastark/us-mixin/-/us-mixin-0.4.54.tgz",
      "integrity": "sha512-k/6TEXvhuQXBFU9bje4aTpOJvwu76BJsb0isF+ctfW3iS1S3TRiaVi1je5dfF+0LXCqjQYdThldbQ9JEIkdr9A=="
    },
    "@webcomponents/shadycss": {
      "version": "1.9.1",
      "resolved": "https://registry.npmjs.org/@webcomponents/shadycss/-/shadycss-1.9.1.tgz",
      "integrity": "sha512-IaZOnWOKXHghqk/WfPNDRIgDBi3RsVPY2IFAw6tYiL9UBGvQRy5R6uC+Fk7qTZsReTJ0xh5MTT8yAcb3MUR4mQ=="
    },
    "material-design-icons": {
      "version": "3.0.1",
      "resolved": "https://registry.npmjs.org/material-design-icons/-/material-design-icons-3.0.1.tgz",
      "integrity": "sha1-mnHEh0chjrylHlGmbaaCA4zct78="
    },
    "typescript": {
      "version": "3.5.3",
      "resolved": "https://registry.npmjs.org/typescript/-/typescript-3.5.3.tgz",
      "integrity": "sha512-ACzBtm/PhXBDId6a6sDJfroT2pOWt/oOnk4/dElG5G33ZL776N3Y6/6bKZJBFpd+b05F3Ct9qDjMeJmRWtE2/g==",
      "dev": true
    }
  }
}
